
Microsoft Visual Studio Solution File, Format Version 12.00
# Visual Studio Version 17
VisualStudioVersion = 17.3.32929.385
MinimumVisualStudioVersion = 10.0.40219.1
Project("{9A19103F-16F7-4668-BE54-9A1E7A4F7556}") = "Thor", "Thor\Thor.csproj", "{FDC9297E-56C2-47AD-8DF3-76A5B003142F}"
EndProject
Project("{FAE04EC0-301F-11D3-BF4B-00C04F79EFBC}") = "Thor.Data", "Thor.Data\Thor.Data.csproj", "{BDAB547A-403B-41FD-8D0C-0AE0A0045CD4}"
EndProject
Project("{FAE04EC0-301F-11D3-BF4B-00C04F79EFBC}") = "Thor.Services", "Thor.Services\Thor.Services.csproj", "{056BF2F8-A9A2-4DC4-92C3-D9B065283FF8}"
EndProject
Global
	GlobalSection(SolutionConfigurationPlatforms) = preSolution
		Debug|Any CPU = Debug|Any CPU
		Release|Any CPU = Release|Any CPU
	EndGlobalSection
	GlobalSection(ProjectConfigurationPlatforms) = postSolution
		{FDC9297E-56C2-47AD-8DF3-76A5B003142F}.Debug|Any CPU.ActiveCfg = Debug|Any CPU
		{FDC9297E-56C2-47AD-8DF3-76A5B003142F}.Debug|Any CPU.Build.0 = Debug|Any CPU
		{FDC9297E-56C2-47AD-8DF3-76A5B003142F}.Release|Any CPU.ActiveCfg = Release|Any CPU
		{FDC9297E-56C2-47AD-8DF3-76A5B003142F}.Release|Any CPU.Build.0 = Release|Any CPU
		{BDAB547A-403B-41FD-8D0C-0AE0A0045CD4}.Debug|Any CPU.ActiveCfg = Debug|Any CPU
		{BDAB547A-403B-41FD-8D0C-0AE0A0045CD4}.Debug|Any CPU.Build.0 = Debug|Any CPU
		{BDAB547A-403B-41FD-8D0C-0AE0A0045CD4}.Release|Any CPU.ActiveCfg = Release|Any CPU
		{BDAB547A-403B-41FD-8D0C-0AE0A0045CD4}.Release|Any CPU.Build.0 = Release|Any CPU
		{056BF2F8-A9A2-4DC4-92C3-D9B065283FF8}.Debug|Any CPU.ActiveCfg = Debug|Any CPU
		{056BF2F8-A9A2-4DC4-92C3-D9B065283FF8}.Debug|Any CPU.Build.0 = Debug|Any CPU
		{056BF2F8-A9A2-4DC4-92C3-D9B065283FF8}.Release|Any CPU.ActiveCfg = Release|Any CPU
		{056BF2F8-A9A2-4DC4-92C3-D9B065283FF8}.Release|Any CPU.Build.0 = Release|Any CPU
	EndGlobalSection
	GlobalSection(SolutionProperties) = preSolution
		HideSolutionNode = FALSE
	EndGlobalSection
	GlobalSection(ExtensibilityGlobals) = postSolution
		SolutionGuid = {2EDBC6ED-E37C-49E7-8010-E951C93801C5}
	EndGlobalSection
EndGlobal
